
Microsoft Visual Studio Solution File, Format Version 12.00
# Visual Studio Version 16
VisualStudioVersion = 16.0.32929.386
MinimumVisualStudioVersion = 10.0.40219.1
Project("{FAE04EC0-301F-11D3-BF4B-00C04F79EFBC}") = "SalesWebMVC", "SalesWebMVC\SalesWebMVC.csproj", "{8846AA95-D22B-4D64-9F9C-D2F7F4560089}"
EndProject
Global
	GlobalSection(SolutionConfigurationPlatforms) = preSolution
		Debug|Any CPU = Debug|Any CPU
		Release|Any CPU = Release|Any CPU
	EndGlobalSection
	GlobalSection(ProjectConfigurationPlatforms) = postSolution
		{8846AA95-D22B-4D64-9F9C-D2F7F4560089}.Debug|Any CPU.ActiveCfg = Debug|Any CPU
		{8846AA95-D22B-4D64-9F9C-D2F7F4560089}.Debug|Any CPU.Build.0 = Debug|Any CPU
		{8846AA95-D22B-4D64-9F9C-D2F7F4560089}.Release|Any CPU.ActiveCfg = Release|Any CPU
		{8846AA95-D22B-4D64-9F9C-D2F7F4560089}.Release|Any CPU.Build.0 = Release|Any CPU
	EndGlobalSection
	GlobalSection(SolutionProperties) = preSolution
		HideSolutionNode = FALSE
	EndGlobalSection
	GlobalSection(ExtensibilityGlobals) = postSolution
		SolutionGuid = {6C1ECC13-67AC-4234-8524-3376CF3C46C1}
	EndGlobalSection
EndGlobal
